
Microsoft Visual Studio Solution File, Format Version 12.00
# Visual Studio Version 16
VisualStudioVersion = 16.0.28803.156
MinimumVisualStudioVersion = 10.0.40219.1
Project("{FAE04EC0-301F-11D3-BF4B-00C04F79EFBC}") = "AccuratePings", "AccuratePings\AccuratePings.csproj", "{ED70AE86-D006-41CD-9EEC-69F48541B235}"
EndProject
Global
	GlobalSection(SolutionConfigurationPlatforms) = preSolution
		Debug|Any CPU = Debug|Any CPU
		Release|Any CPU = Release|Any CPU
	EndGlobalSection
	GlobalSection(ProjectConfigurationPlatforms) = postSolution
		{ED70AE86-D006-41CD-9EEC-69F48541B235}.Debug|Any CPU.ActiveCfg = Debug|Any CPU
		{ED70AE86-D006-41CD-9EEC-69F48541B235}.Debug|Any CPU.Build.0 = Debug|Any CPU
		{ED70AE86-D006-41CD-9EEC-69F48541B235}.Release|Any CPU.ActiveCfg = Release|Any CPU
		{ED70AE86-D006-41CD-9EEC-69F48541B235}.Release|Any CPU.Build.0 = Release|Any CPU
	EndGlobalSection
	GlobalSection(SolutionProperties) = preSolution
		HideSolutionNode = FALSE
	EndGlobalSection
	GlobalSection(ExtensibilityGlobals) = postSolution
		SolutionGuid = {9DAA1430-177C-44F1-9B3F-360F5D9D02AD}
	EndGlobalSection
EndGlobal
